
Microsoft Visual Studio Solution File, Format Version 12.00
# Visual Studio Version 17
VisualStudioVersion = 17.0.31903.59
MinimumVisualStudioVersion = 10.0.40219.1
Project("{FAE04EC0-301F-11D3-BF4B-00C04F79EFBC}") = "BookingMonolith", "BookingMonolith.csproj", "{33F3B9B7-7FC4-4498-A2E0-27DA8F8DECC1}"
EndProject
Project("{FAE04EC0-301F-11D3-BF4B-00C04F79EFBC}") = "Tests", "Tests\Tests.csproj", "{4C4B3E49-3136-4BA6-8A91-1DE31378D83A}"
EndProject
Global
	GlobalSection(SolutionConfigurationPlatforms) = preSolution
		Debug|Any CPU = Debug|Any CPU
		Debug|x64 = Debug|x64
		Debug|x86 = Debug|x86
		Release|Any CPU = Release|Any CPU
		Release|x64 = Release|x64
		Release|x86 = Release|x86
	EndGlobalSection
	GlobalSection(ProjectConfigurationPlatforms) = postSolution
		{33F3B9B7-7FC4-4498-A2E0-27DA8F8DECC1}.Debug|Any CPU.ActiveCfg = Debug|Any CPU
		{33F3B9B7-7FC4-4498-A2E0-27DA8F8DECC1}.Debug|Any CPU.Build.0 = Debug|Any CPU
		{33F3B9B7-7FC4-4498-A2E0-27DA8F8DECC1}.Debug|x64.ActiveCfg = Debug|Any CPU
		{33F3B9B7-7FC4-4498-A2E0-27DA8F8DECC1}.Debug|x64.Build.0 = Debug|Any CPU
		{33F3B9B7-7FC4-4498-A2E0-27DA8F8DECC1}.Debug|x86.ActiveCfg = Debug|Any CPU
		{33F3B9B7-7FC4-4498-A2E0-27DA8F8DECC1}.Debug|x86.Build.0 = Debug|Any CPU
		{33F3B9B7-7FC4-4498-A2E0-27DA8F8DECC1}.Release|Any CPU.ActiveCfg = Release|Any CPU
		{33F3B9B7-7FC4-4498-A2E0-27DA8F8DECC1}.Release|Any CPU.Build.0 = Release|Any CPU
		{33F3B9B7-7FC4-4498-A2E0-27DA8F8DECC1}.Release|x64.ActiveCfg = Release|Any CPU
		{33F3B9B7-7FC4-4498-A2E0-27DA8F8DECC1}.Release|x64.Build.0 = Release|Any CPU
		{33F3B9B7-7FC4-4498-A2E0-27DA8F8DECC1}.Release|x86.ActiveCfg = Release|Any CPU
		{33F3B9B7-7FC4-4498-A2E0-27DA8F8DECC1}.Release|x86.Build.0 = Release|Any CPU
		{4C4B3E49-3136-4BA6-8A91-1DE31378D83A}.Debug|Any CPU.ActiveCfg = Debug|Any CPU
		{4C4B3E49-3136-4BA6-8A91-1DE31378D83A}.Debug|Any CPU.Build.0 = Debug|Any CPU
		{4C4B3E49-3136-4BA6-8A91-1DE31378D83A}.Debug|x64.ActiveCfg = Debug|Any CPU
		{4C4B3E49-3136-4BA6-8A91-1DE31378D83A}.Debug|x64.Build.0 = Debug|Any CPU
		{4C4B3E49-3136-4BA6-8A91-1DE31378D83A}.Debug|x86.ActiveCfg = Debug|Any CPU
		{4C4B3E49-3136-4BA6-8A91-1DE31378D83A}.Debug|x86.Build.0 = Debug|Any CPU
		{4C4B3E49-3136-4BA6-8A91-1DE31378D83A}.Release|Any CPU.ActiveCfg = Release|Any CPU
		{4C4B3E49-3136-4BA6-8A91-1DE31378D83A}.Release|Any CPU.Build.0 = Release|Any CPU
		{4C4B3E49-3136-4BA6-8A91-1DE31378D83A}.Release|x64.ActiveCfg = Release|Any CPU
		{4C4B3E49-3136-4BA6-8A91-1DE31378D83A}.Release|x64.Build.0 = Release|Any CPU
		{4C4B3E49-3136-4BA6-8A91-1DE31378D83A}.Release|x86.ActiveCfg = Release|Any CPU
		{4C4B3E49-3136-4BA6-8A91-1DE31378D83A}.Release|x86.Build.0 = Release|Any CPU
	EndGlobalSection
	GlobalSection(SolutionProperties) = preSolution
		HideSolutionNode = FALSE
	EndGlobalSection
EndGlobal
