
Microsoft Visual Studio Solution File, Format Version 12.00
# Visual Studio Version 17
VisualStudioVersion = 17.0.31903.59
MinimumVisualStudioVersion = 10.0.40219.1
Project("{FAE04EC0-301F-11D3-BF4B-00C04F79EFBC}") = "Library", "Library\Library.csproj", "{8B89C03A-98DE-49BD-BD38-EDF0D2641CDD}"
EndProject
Project("{FAE04EC0-301F-11D3-BF4B-00C04F79EFBC}") = "Quickstart", "Quickstart\Quickstart.csproj", "{3562B8A8-1ED4-4411-AE25-AED8F1A21069}"
EndProject
Project("{FAE04EC0-301F-11D3-BF4B-00C04F79EFBC}") = "Api", "Api\Api.csproj", "{89E1DB59-1632-4291-9458-659529E3B66D}"
EndProject
Project("{FAE04EC0-301F-11D3-BF4B-00C04F79EFBC}") = "Tests", "Tests\Tests.csproj", "{0E32796F-159C-46AE-95AB-DC84618D80D9}"
EndProject
Global
	GlobalSection(SolutionConfigurationPlatforms) = preSolution
		Debug|Any CPU = Debug|Any CPU
		Debug|x64 = Debug|x64
		Debug|x86 = Debug|x86
		Release|Any CPU = Release|Any CPU
		Release|x64 = Release|x64
		Release|x86 = Release|x86
	EndGlobalSection
	GlobalSection(ProjectConfigurationPlatforms) = postSolution
		{8B89C03A-98DE-49BD-BD38-EDF0D2641CDD}.Debug|Any CPU.ActiveCfg = Debug|Any CPU
		{8B89C03A-98DE-49BD-BD38-EDF0D2641CDD}.Debug|Any CPU.Build.0 = Debug|Any CPU
		{8B89C03A-98DE-49BD-BD38-EDF0D2641CDD}.Debug|x64.ActiveCfg = Debug|Any CPU
		{8B89C03A-98DE-49BD-BD38-EDF0D2641CDD}.Debug|x64.Build.0 = Debug|Any CPU
		{8B89C03A-98DE-49BD-BD38-EDF0D2641CDD}.Debug|x86.ActiveCfg = Debug|Any CPU
		{8B89C03A-98DE-49BD-BD38-EDF0D2641CDD}.Debug|x86.Build.0 = Debug|Any CPU
		{8B89C03A-98DE-49BD-BD38-EDF0D2641CDD}.Release|Any CPU.ActiveCfg = Release|Any CPU
		{8B89C03A-98DE-49BD-BD38-EDF0D2641CDD}.Release|Any CPU.Build.0 = Release|Any CPU
		{8B89C03A-98DE-49BD-BD38-EDF0D2641CDD}.Release|x64.ActiveCfg = Release|Any CPU
		{8B89C03A-98DE-49BD-BD38-EDF0D2641CDD}.Release|x64.Build.0 = Release|Any CPU
		{8B89C03A-98DE-49BD-BD38-EDF0D2641CDD}.Release|x86.ActiveCfg = Release|Any CPU
		{8B89C03A-98DE-49BD-BD38-EDF0D2641CDD}.Release|x86.Build.0 = Release|Any CPU
		{3562B8A8-1ED4-4411-AE25-AED8F1A21069}.Debug|Any CPU.ActiveCfg = Debug|Any CPU
		{3562B8A8-1ED4-4411-AE25-AED8F1A21069}.Debug|Any CPU.Build.0 = Debug|Any CPU
		{3562B8A8-1ED4-4411-AE25-AED8F1A21069}.Debug|x64.ActiveCfg = Debug|Any CPU
		{3562B8A8-1ED4-4411-AE25-AED8F1A21069}.Debug|x64.Build.0 = Debug|Any CPU
		{3562B8A8-1ED4-4411-AE25-AED8F1A21069}.Debug|x86.ActiveCfg = Debug|Any CPU
		{3562B8A8-1ED4-4411-AE25-AED8F1A21069}.Debug|x86.Build.0 = Debug|Any CPU
		{3562B8A8-1ED4-4411-AE25-AED8F1A21069}.Release|Any CPU.ActiveCfg = Release|Any CPU
		{3562B8A8-1ED4-4411-AE25-AED8F1A21069}.Release|Any CPU.Build.0 = Release|Any CPU
		{3562B8A8-1ED4-4411-AE25-AED8F1A21069}.Release|x64.ActiveCfg = Release|Any CPU
		{3562B8A8-1ED4-4411-AE25-AED8F1A21069}.Release|x64.Build.0 = Release|Any CPU
		{3562B8A8-1ED4-4411-AE25-AED8F1A21069}.Release|x86.ActiveCfg = Release|Any CPU
		{3562B8A8-1ED4-4411-AE25-AED8F1A21069}.Release|x86.Build.0 = Release|Any CPU
		{89E1DB59-1632-4291-9458-659529E3B66D}.Debug|Any CPU.ActiveCfg = Debug|Any CPU
		{89E1DB59-1632-4291-9458-659529E3B66D}.Debug|Any CPU.Build.0 = Debug|Any CPU
		{89E1DB59-1632-4291-9458-659529E3B66D}.Debug|x64.ActiveCfg = Debug|Any CPU
		{89E1DB59-1632-4291-9458-659529E3B66D}.Debug|x64.Build.0 = Debug|Any CPU
		{89E1DB59-1632-4291-9458-659529E3B66D}.Debug|x86.ActiveCfg = Debug|Any CPU
		{89E1DB59-1632-4291-9458-659529E3B66D}.Debug|x86.Build.0 = Debug|Any CPU
		{89E1DB59-1632-4291-9458-659529E3B66D}.Release|Any CPU.ActiveCfg = Release|Any CPU
		{89E1DB59-1632-4291-9458-659529E3B66D}.Release|Any CPU.Build.0 = Release|Any CPU
		{89E1DB59-1632-4291-9458-659529E3B66D}.Release|x64.ActiveCfg = Release|Any CPU
		{89E1DB59-1632-4291-9458-659529E3B66D}.Release|x64.Build.0 = Release|Any CPU
		{89E1DB59-1632-4291-9458-659529E3B66D}.Release|x86.ActiveCfg = Release|Any CPU
		{89E1DB59-1632-4291-9458-659529E3B66D}.Release|x86.Build.0 = Release|Any CPU
		{0E32796F-159C-46AE-95AB-DC84618D80D9}.Debug|Any CPU.ActiveCfg = Debug|Any CPU
		{0E32796F-159C-46AE-95AB-DC84618D80D9}.Debug|Any CPU.Build.0 = Debug|Any CPU
		{0E32796F-159C-46AE-95AB-DC84618D80D9}.Debug|x64.ActiveCfg = Debug|Any CPU
		{0E32796F-159C-46AE-95AB-DC84618D80D9}.Debug|x64.Build.0 = Debug|Any CPU
		{0E32796F-159C-46AE-95AB-DC84618D80D9}.Debug|x86.ActiveCfg = Debug|Any CPU
		{0E32796F-159C-46AE-95AB-DC84618D80D9}.Debug|x86.Build.0 = Debug|Any CPU
		{0E32796F-159C-46AE-95AB-DC84618D80D9}.Release|Any CPU.ActiveCfg = Release|Any CPU
		{0E32796F-159C-46AE-95AB-DC84618D80D9}.Release|Any CPU.Build.0 = Release|Any CPU
		{0E32796F-159C-46AE-95AB-DC84618D80D9}.Release|x64.ActiveCfg = Release|Any CPU
		{0E32796F-159C-46AE-95AB-DC84618D80D9}.Release|x64.Build.0 = Release|Any CPU
		{0E32796F-159C-46AE-95AB-DC84618D80D9}.Release|x86.ActiveCfg = Release|Any CPU
		{0E32796F-159C-46AE-95AB-DC84618D80D9}.Release|x86.Build.0 = Release|Any CPU
	EndGlobalSection
	GlobalSection(SolutionProperties) = preSolution
		HideSolutionNode = FALSE
	EndGlobalSection
EndGlobal
