
Microsoft Visual Studio Solution File, Format Version 12.00
# Visual Studio Version 17
VisualStudioVersion = 17.0.31903.59
MinimumVisualStudioVersion = 10.0.40219.1
Project("{9A19103F-16F7-4668-BE54-9A1E7A4F7556}") = "AppHost", "AppHost\AppHost.csproj", "{B1000001-0000-0000-0000-000000000001}"
EndProject
Project("{9A19103F-16F7-4668-BE54-9A1E7A4F7556}") = "CritterWatchConsole", "CritterWatchConsole\CritterWatchConsole.csproj", "{B1000002-0000-0000-0000-000000000002}"
EndProject
Project("{9A19103F-16F7-4668-BE54-9A1E7A4F7556}") = "Fleet.Common", "Fleet.Common\Fleet.Common.csproj", "{B1000003-0000-0000-0000-000000000003}"
EndProject
Project("{9A19103F-16F7-4668-BE54-9A1E7A4F7556}") = "TripMessages", "TripMessages\TripMessages.csproj", "{B1000004-0000-0000-0000-000000000004}"
EndProject
Project("{9A19103F-16F7-4668-BE54-9A1E7A4F7556}") = "TripService", "TripService\TripService.csproj", "{B1000005-0000-0000-0000-000000000005}"
EndProject
Project("{9A19103F-16F7-4668-BE54-9A1E7A4F7556}") = "TripPublisher", "TripPublisher\TripPublisher.csproj", "{B1000006-0000-0000-0000-000000000006}"
EndProject
Project("{9A19103F-16F7-4668-BE54-9A1E7A4F7556}") = "RepairShop", "RepairShop\RepairShop.csproj", "{B1000007-0000-0000-0000-000000000007}"
EndProject
Project("{9A19103F-16F7-4668-BE54-9A1E7A4F7556}") = "Tests", "Tests\Tests.csproj", "{B1000008-0000-0000-0000-000000000008}"
EndProject
Global
	GlobalSection(SolutionConfigurationPlatforms) = preSolution
		Debug|Any CPU = Debug|Any CPU
		Release|Any CPU = Release|Any CPU
	EndGlobalSection
	GlobalSection(ProjectConfigurationPlatforms) = postSolution
		{B1000001-0000-0000-0000-000000000001}.Debug|Any CPU.ActiveCfg = Debug|Any CPU
		{B1000001-0000-0000-0000-000000000001}.Debug|Any CPU.Build.0 = Debug|Any CPU
		{B1000001-0000-0000-0000-000000000001}.Release|Any CPU.ActiveCfg = Release|Any CPU
		{B1000001-0000-0000-0000-000000000001}.Release|Any CPU.Build.0 = Release|Any CPU
		{B1000002-0000-0000-0000-000000000002}.Debug|Any CPU.ActiveCfg = Debug|Any CPU
		{B1000002-0000-0000-0000-000000000002}.Debug|Any CPU.Build.0 = Debug|Any CPU
		{B1000002-0000-0000-0000-000000000002}.Release|Any CPU.ActiveCfg = Release|Any CPU
		{B1000002-0000-0000-0000-000000000002}.Release|Any CPU.Build.0 = Release|Any CPU
		{B1000003-0000-0000-0000-000000000003}.Debug|Any CPU.ActiveCfg = Debug|Any CPU
		{B1000003-0000-0000-0000-000000000003}.Debug|Any CPU.Build.0 = Debug|Any CPU
		{B1000003-0000-0000-0000-000000000003}.Release|Any CPU.ActiveCfg = Release|Any CPU
		{B1000003-0000-0000-0000-000000000003}.Release|Any CPU.Build.0 = Release|Any CPU
		{B1000004-0000-0000-0000-000000000004}.Debug|Any CPU.ActiveCfg = Debug|Any CPU
		{B1000004-0000-0000-0000-000000000004}.Debug|Any CPU.Build.0 = Debug|Any CPU
		{B1000004-0000-0000-0000-000000000004}.Release|Any CPU.ActiveCfg = Release|Any CPU
		{B1000004-0000-0000-0000-000000000004}.Release|Any CPU.Build.0 = Release|Any CPU
		{B1000005-0000-0000-0000-000000000005}.Debug|Any CPU.ActiveCfg = Debug|Any CPU
		{B1000005-0000-0000-0000-000000000005}.Debug|Any CPU.Build.0 = Debug|Any CPU
		{B1000005-0000-0000-0000-000000000005}.Release|Any CPU.ActiveCfg = Release|Any CPU
		{B1000005-0000-0000-0000-000000000005}.Release|Any CPU.Build.0 = Release|Any CPU
		{B1000006-0000-0000-0000-000000000006}.Debug|Any CPU.ActiveCfg = Debug|Any CPU
		{B1000006-0000-0000-0000-000000000006}.Debug|Any CPU.Build.0 = Debug|Any CPU
		{B1000006-0000-0000-0000-000000000006}.Release|Any CPU.ActiveCfg = Release|Any CPU
		{B1000006-0000-0000-0000-000000000006}.Release|Any CPU.Build.0 = Release|Any CPU
		{B1000007-0000-0000-0000-000000000007}.Debug|Any CPU.ActiveCfg = Debug|Any CPU
		{B1000007-0000-0000-0000-000000000007}.Debug|Any CPU.Build.0 = Debug|Any CPU
		{B1000007-0000-0000-0000-000000000007}.Release|Any CPU.ActiveCfg = Release|Any CPU
		{B1000007-0000-0000-0000-000000000007}.Release|Any CPU.Build.0 = Release|Any CPU
		{B1000008-0000-0000-0000-000000000008}.Debug|Any CPU.ActiveCfg = Debug|Any CPU
		{B1000008-0000-0000-0000-000000000008}.Debug|Any CPU.Build.0 = Debug|Any CPU
		{B1000008-0000-0000-0000-000000000008}.Release|Any CPU.ActiveCfg = Release|Any CPU
		{B1000008-0000-0000-0000-000000000008}.Release|Any CPU.Build.0 = Release|Any CPU
	EndGlobalSection
	GlobalSection(SolutionProperties) = preSolution
		HideSolutionNode = FALSE
	EndGlobalSection
EndGlobal
