
Microsoft Visual Studio Solution File, Format Version 12.00
# Visual Studio Version 17
VisualStudioVersion = 17.0.31903.59
MinimumVisualStudioVersion = 10.0.40219.1
Project("{FAE04EC0-301F-11D3-BF4B-00C04F79EFBC}") = "CleanArchitectureTodos", "CleanArchitectureTodos.csproj", "{C915D201-1572-4156-A92F-4C25E59B5963}"
EndProject
Project("{FAE04EC0-301F-11D3-BF4B-00C04F79EFBC}") = "Tests", "Tests\Tests.csproj", "{D9CE4810-E9F0-45F2-8038-3016F4064F28}"
EndProject
Global
	GlobalSection(SolutionConfigurationPlatforms) = preSolution
		Debug|Any CPU = Debug|Any CPU
		Debug|x64 = Debug|x64
		Debug|x86 = Debug|x86
		Release|Any CPU = Release|Any CPU
		Release|x64 = Release|x64
		Release|x86 = Release|x86
	EndGlobalSection
	GlobalSection(ProjectConfigurationPlatforms) = postSolution
		{C915D201-1572-4156-A92F-4C25E59B5963}.Debug|Any CPU.ActiveCfg = Debug|Any CPU
		{C915D201-1572-4156-A92F-4C25E59B5963}.Debug|Any CPU.Build.0 = Debug|Any CPU
		{C915D201-1572-4156-A92F-4C25E59B5963}.Debug|x64.ActiveCfg = Debug|Any CPU
		{C915D201-1572-4156-A92F-4C25E59B5963}.Debug|x64.Build.0 = Debug|Any CPU
		{C915D201-1572-4156-A92F-4C25E59B5963}.Debug|x86.ActiveCfg = Debug|Any CPU
		{C915D201-1572-4156-A92F-4C25E59B5963}.Debug|x86.Build.0 = Debug|Any CPU
		{C915D201-1572-4156-A92F-4C25E59B5963}.Release|Any CPU.ActiveCfg = Release|Any CPU
		{C915D201-1572-4156-A92F-4C25E59B5963}.Release|Any CPU.Build.0 = Release|Any CPU
		{C915D201-1572-4156-A92F-4C25E59B5963}.Release|x64.ActiveCfg = Release|Any CPU
		{C915D201-1572-4156-A92F-4C25E59B5963}.Release|x64.Build.0 = Release|Any CPU
		{C915D201-1572-4156-A92F-4C25E59B5963}.Release|x86.ActiveCfg = Release|Any CPU
		{C915D201-1572-4156-A92F-4C25E59B5963}.Release|x86.Build.0 = Release|Any CPU
		{D9CE4810-E9F0-45F2-8038-3016F4064F28}.Debug|Any CPU.ActiveCfg = Debug|Any CPU
		{D9CE4810-E9F0-45F2-8038-3016F4064F28}.Debug|Any CPU.Build.0 = Debug|Any CPU
		{D9CE4810-E9F0-45F2-8038-3016F4064F28}.Debug|x64.ActiveCfg = Debug|Any CPU
		{D9CE4810-E9F0-45F2-8038-3016F4064F28}.Debug|x64.Build.0 = Debug|Any CPU
		{D9CE4810-E9F0-45F2-8038-3016F4064F28}.Debug|x86.ActiveCfg = Debug|Any CPU
		{D9CE4810-E9F0-45F2-8038-3016F4064F28}.Debug|x86.Build.0 = Debug|Any CPU
		{D9CE4810-E9F0-45F2-8038-3016F4064F28}.Release|Any CPU.ActiveCfg = Release|Any CPU
		{D9CE4810-E9F0-45F2-8038-3016F4064F28}.Release|Any CPU.Build.0 = Release|Any CPU
		{D9CE4810-E9F0-45F2-8038-3016F4064F28}.Release|x64.ActiveCfg = Release|Any CPU
		{D9CE4810-E9F0-45F2-8038-3016F4064F28}.Release|x64.Build.0 = Release|Any CPU
		{D9CE4810-E9F0-45F2-8038-3016F4064F28}.Release|x86.ActiveCfg = Release|Any CPU
		{D9CE4810-E9F0-45F2-8038-3016F4064F28}.Release|x86.Build.0 = Release|Any CPU
	EndGlobalSection
	GlobalSection(SolutionProperties) = preSolution
		HideSolutionNode = FALSE
	EndGlobalSection
EndGlobal
